// !$*UTF8*$!
{
	archiveVersion = 1;
	classes = {
	};
	objectVersion = 56;
	objects = {

/* Begin PBXBuildFile section */
		9C4123662AAA3B5A008BCE17 /* CircleImage.swift in Sources */ = {isa = PBXBuildFile; fileRef = 9C4123652AAA3B5A008BCE17 /* CircleImage.swift */; };
		9C4123682AAA3FB2008BCE17 /* MapView.swift in Sources */ = {isa = PBXBuildFile; fileRef = 9C4123672AAA3FB2008BCE17 /* MapView.swift */; };
		9C7063982AAA5E1D0000FF4E /* landmarkData.json in Resources */ = {isa = PBXBuildFile; fileRef = 9C7063972AAA5E1D0000FF4E /* landmarkData.json */; };
		9C70639A2AAA5E540000FF4E /* LandMark.swift in Sources */ = {isa = PBXBuildFile; fileRef = 9C7063992AAA5E540000FF4E /* LandMark.swift */; };
		9C70639C2AAA60C50000FF4E /* ModelData.swift in Sources */ = {isa = PBXBuildFile; fileRef = 9C70639B2AAA60C50000FF4E /* ModelData.swift */; };
		9C7063A12AAA65350000FF4E /* LandmarkRow.swift in Sources */ = {isa = PBXBuildFile; fileRef = 9C7063A02AAA65350000FF4E /* LandmarkRow.swift */; };
		9C7063A52AAA6B4B0000FF4E /* LandmarkList.swift in Sources */ = {isa = PBXBuildFile; fileRef = 9C7063A42AAA6B4B0000FF4E /* LandmarkList.swift */; };
		9C7063A72AAA6CF20000FF4E /* LandmarkDetails.swift in Sources */ = {isa = PBXBuildFile; fileRef = 9C7063A62AAA6CF20000FF4E /* LandmarkDetails.swift */; };
		9C8C14BB2AAE08ED00B6952F /* FavoriteButton.swift in Sources */ = {isa = PBXBuildFile; fileRef = 9C8C14BA2AAE08ED00B6952F /* FavoriteButton.swift */; };
		9CBD14142AAA1BA200F92E07 /* LandmarksApp.swift in Sources */ = {isa = PBXBuildFile; fileRef = 9CBD14132AAA1BA200F92E07 /* LandmarksApp.swift */; };
		9CBD14162AAA1BA200F92E07 /* ContentView.swift in Sources */ = {isa = PBXBuildFile; fileRef = 9CBD14152AAA1BA200F92E07 /* ContentView.swift */; };
		9CBD14182AAA1BA300F92E07 /* Assets.xcassets in Resources */ = {isa = PBXBuildFile; fileRef = 9CBD14172AAA1BA300F92E07 /* Assets.xcassets */; };
		9CBD141B2AAA1BA300F92E07 /* Preview Assets.xcassets in Resources */ = {isa = PBXBuildFile; fileRef = 9CBD141A2AAA1BA300F92E07 /* Preview Assets.xcassets */; };
		9CBD14252AAA1BA300F92E07 /* LandmarksTests.swift in Sources */ = {isa = PBXBuildFile; fileRef = 9CBD14242AAA1BA300F92E07 /* LandmarksTests.swift */; };
		9CBD142F2AAA1BA300F92E07 /* LandmarksUITests.swift in Sources */ = {isa = PBXBuildFile; fileRef = 9CBD142E2AAA1BA300F92E07 /* LandmarksUITests.swift */; };
		9CBD14312AAA1BA300F92E07 /* LandmarksUITestsLaunchTests.swift in Sources */ = {isa = PBXBuildFile; fileRef = 9CBD14302AAA1BA300F92E07 /* LandmarksUITestsLaunchTests.swift */; };
/* End PBXBuildFile section */

/* Begin PBXContainerItemProxy section */
		9CBD14212AAA1BA300F92E07 /* PBXContainerItemProxy */ = {
			isa = PBXContainerItemProxy;
			containerPortal = 9CBD14082AAA1BA200F92E07 /* Project object */;
			proxyType = 1;
			remoteGlobalIDString = 9CBD140F2AAA1BA200F92E07;
			remoteInfo = Landmarks;
		};
		9CBD142B2AAA1BA300F92E07 /* PBXContainerItemProxy */ = {
			isa = PBXContainerItemProxy;
			containerPortal = 9CBD14082AAA1BA200F92E07 /* Project object */;
			proxyType = 1;
			remoteGlobalIDString = 9CBD140F2AAA1BA200F92E07;
			remoteInfo = Landmarks;
		};
/* End PBXContainerItemProxy section */

/* Begin PBXFileReference section */
		9C4123652AAA3B5A008BCE17 /* CircleImage.swift */ = {isa = PBXFileReference; lastKnownFileType = sourcecode.swift; path = CircleImage.swift; sourceTree = "<group>"; };
		9C4123672AAA3FB2008BCE17 /* MapView.swift */ = {isa = PBXFileReference; lastKnownFileType = sourcecode.swift; path = MapView.swift; sourceTree = "<group>"; };
		9C7063972AAA5E1D0000FF4E /* landmarkData.json */ = {isa = PBXFileReference; fileEncoding = 4; lastKnownFileType = text.json; path = landmarkData.json; sourceTree = "<group>"; };
		9C7063992AAA5E540000FF4E /* LandMark.swift */ = {isa = PBXFileReference; lastKnownFileType = sourcecode.swift; path = LandMark.swift; sourceTree = "<group>"; };
		9C70639B2AAA60C50000FF4E /* ModelData.swift */ = {isa = PBXFileReference; lastKnownFileType = sourcecode.swift; path = ModelData.swift; sourceTree = "<group>"; };
		9C7063A02AAA65350000FF4E /* LandmarkRow.swift */ = {isa = PBXFileReference; lastKnownFileType = sourcecode.swift; path = LandmarkRow.swift; sourceTree = "<group>"; };
		9C7063A42AAA6B4B0000FF4E /* LandmarkList.swift */ = {isa = PBXFileReference; lastKnownFileType = sourcecode.swift; path = LandmarkList.swift; sourceTree = "<group>"; };
		9C7063A62AAA6CF20000FF4E /* LandmarkDetails.swift */ = {isa = PBXFileReference; lastKnownFileType = sourcecode.swift; path = LandmarkDetails.swift; sourceTree = "<group>"; };
		9C8C14BA2AAE08ED00B6952F /* FavoriteButton.swift */ = {isa = PBXFileReference; lastKnownFileType = sourcecode.swift; path = FavoriteButton.swift; sourceTree = "<group>"; };
		9CBD14102AAA1BA200F92E07 /* Landmarks.app */ = {isa = PBXFileReference; explicitFileType = wrapper.application; includeInIndex = 0; path = Landmarks.app; sourceTree = BUILT_PRODUCTS_DIR; };
		9CBD14132AAA1BA200F92E07 /* LandmarksApp.swift */ = {isa = PBXFileReference; lastKnownFileType = sourcecode.swift; path = LandmarksApp.swift; sourceTree = "<group>"; };
		9CBD14152AAA1BA200F92E07 /* ContentView.swift */ = {isa = PBXFileReference; lastKnownFileType = sourcecode.swift; path = ContentView.swift; sourceTree = "<group>"; };
		9CBD14172AAA1BA300F92E07 /* Assets.xcassets */ = {isa = PBXFileReference; lastKnownFileType = folder.assetcatalog; path = Assets.xcassets; sourceTree = "<group>"; };
		9CBD141A2AAA1BA300F92E07 /* Preview Assets.xcassets */ = {isa = PBXFileReference; lastKnownFileType = folder.assetcatalog; path = "Preview Assets.xcassets"; sourceTree = "<group>"; };
		9CBD14202AAA1BA300F92E07 /* LandmarksTests.xctest */ = {isa = PBXFileReference; explicitFileType = wrapper.cfbundle; includeInIndex = 0; path = LandmarksTests.xctest; sourceTree = BUILT_PRODUCTS_DIR; };
		9CBD14242AAA1BA300F92E07 /* LandmarksTests.swift */ = {isa = PBXFileReference; lastKnownFileType = sourcecode.swift; path = LandmarksTests.swift; sourceTree = "<group>"; };
		9CBD142A2AAA1BA300F92E07 /* LandmarksUITests.xctest */ = {isa = PBXFileReference; explicitFileType = wrapper.cfbundle; includeInIndex = 0; path = LandmarksUITests.xctest; sourceTree = BUILT_PRODUCTS_DIR; };
		9CBD142E2AAA1BA300F92E07 /* LandmarksUITests.swift */ = {isa = PBXFileReference; lastKnownFileType = sourcecode.swift; path = LandmarksUITests.swift; sourceTree = "<group>"; };
		9CBD14302AAA1BA300F92E07 /* LandmarksUITestsLaunchTests.swift */ = {isa = PBXFileReference; lastKnownFileType = sourcecode.swift; path = LandmarksUITestsLaunchTests.swift; sourceTree = "<group>"; };
/* End PBXFileReference section */

/* Begin PBXFrameworksBuildPhase section */
		9CBD140D2AAA1BA200F92E07 /* Frameworks */ = {
			isa = PBXFrameworksBuildPhase;
			buildActionMask = 2147483647;
			files = (
			);
			runOnlyForDeploymentPostprocessing = 0;
		};
		9CBD141D2AAA1BA300F92E07 /* Frameworks */ = {
			isa = PBXFrameworksBuildPhase;
			buildActionMask = 2147483647;
			files = (
			);
			runOnlyForDeploymentPostprocessing = 0;
		};
		9CBD14272AAA1BA300F92E07 /* Frameworks */ = {
			isa = PBXFrameworksBuildPhase;
			buildActionMask = 2147483647;
			files = (
			);
			runOnlyForDeploymentPostprocessing = 0;
		};
/* End PBXFrameworksBuildPhase section */

/* Begin PBXGroup section */
		9C70639D2AAA64620000FF4E /* Views */ = {
			isa = PBXGroup;
			children = (
				9CBD14152AAA1BA200F92E07 /* ContentView.swift */,
				9C8C14BD2AAE09F100B6952F /* Helpers */,
				9C8C14BC2AAE09E000B6952F /* Landmarks */,
			);
			path = Views;
			sourceTree = "<group>";
		};
		9C70639E2AAA648E0000FF4E /* Model */ = {
			isa = PBXGroup;
			children = (
				9C70639B2AAA60C50000FF4E /* ModelData.swift */,
				9C7063992AAA5E540000FF4E /* LandMark.swift */,
			);
			path = Model;
			sourceTree = "<group>";
		};
		9C70639F2AAA649F0000FF4E /* Resources */ = {
			isa = PBXGroup;
			children = (
				9C7063972AAA5E1D0000FF4E /* landmarkData.json */,
			);
			path = Resources;
			sourceTree = "<group>";
		};
		9C8C14BC2AAE09E000B6952F /* Landmarks */ = {
			isa = PBXGroup;
			children = (
				9C7063A02AAA65350000FF4E /* LandmarkRow.swift */,
				9C7063A42AAA6B4B0000FF4E /* LandmarkList.swift */,
				9C7063A62AAA6CF20000FF4E /* LandmarkDetails.swift */,
			);
			path = Landmarks;
			sourceTree = "<group>";
		};
		9C8C14BD2AAE09F100B6952F /* Helpers */ = {
			isa = PBXGroup;
			children = (
				9C4123652AAA3B5A008BCE17 /* CircleImage.swift */,
				9C4123672AAA3FB2008BCE17 /* MapView.swift */,
				9C8C14BA2AAE08ED00B6952F /* FavoriteButton.swift */,
			);
			path = Helpers;
			sourceTree = "<group>";
		};
		9CBD14072AAA1BA200F92E07 = {
			isa = PBXGroup;
			children = (
				9CBD14122AAA1BA200F92E07 /* Landmarks */,
				9CBD14232AAA1BA300F92E07 /* LandmarksTests */,
				9CBD142D2AAA1BA300F92E07 /* LandmarksUITests */,
				9CBD14112AAA1BA200F92E07 /* Products */,
			);
			sourceTree = "<group>";
		};
		9CBD14112AAA1BA200F92E07 /* Products */ = {
			isa = PBXGroup;
			children = (
				9CBD14102AAA1BA200F92E07 /* Landmarks.app */,
				9CBD14202AAA1BA300F92E07 /* LandmarksTests.xctest */,
				9CBD142A2AAA1BA300F92E07 /* LandmarksUITests.xctest */,
			);
			name = Products;
			sourceTree = "<group>";
		};
		9CBD14122AAA1BA200F92E07 /* Landmarks */ = {
			isa = PBXGroup;
			children = (
				9CBD14132AAA1BA200F92E07 /* LandmarksApp.swift */,
				9C70639D2AAA64620000FF4E /* Views */,
				9C70639E2AAA648E0000FF4E /* Model */,
				9C70639F2AAA649F0000FF4E /* Resources */,
				9CBD14172AAA1BA300F92E07 /* Assets.xcassets */,
				9CBD14192AAA1BA300F92E07 /* Preview Content */,
			);
			path = Landmarks;
			sourceTree = "<group>";
		};
		9CBD14192AAA1BA300F92E07 /* Preview Content */ = {
			isa = PBXGroup;
			children = (
				9CBD141A2AAA1BA300F92E07 /* Preview Assets.xcassets */,
			);
			path = "Preview Content";
			sourceTree = "<group>";
		};
		9CBD14232AAA1BA300F92E07 /* LandmarksTests */ = {
			isa = PBXGroup;
			children = (
				9CBD14242AAA1BA300F92E07 /* LandmarksTests.swift */,
			);
			path = LandmarksTests;
			sourceTree = "<group>";
		};
		9CBD142D2AAA1BA300F92E07 /* LandmarksUITests */ = {
			isa = PBXGroup;
			children = (
				9CBD142E2AAA1BA300F92E07 /* LandmarksUITests.swift */,
				9CBD14302AAA1BA300F92E07 /* LandmarksUITestsLaunchTests.swift */,
			);
			path = LandmarksUITests;
			sourceTree = "<group>";
		};
/* End PBXGroup section */

/* Begin PBXNativeTarget section */
		9CBD140F2AAA1BA200F92E07 /* Landmarks */ = {
			isa = PBXNativeTarget;
			buildConfigurationList = 9CBD14342AAA1BA300F92E07 /* Build configuration list for PBXNativeTarget "Landmarks" */;
			buildPhases = (
				9CBD140C2AAA1BA200F92E07 /* Sources */,
				9CBD140D2AAA1BA200F92E07 /* Frameworks */,
				9CBD140E2AAA1BA200F92E07 /* Resources */,
			);
			buildRules = (
			);
			dependencies = (
			);
			name = Landmarks;
			productName = Landmarks;
			productReference = 9CBD14102AAA1BA200F92E07 /* Landmarks.app */;
			productType = "com.apple.product-type.application";
		};
		9CBD141F2AAA1BA300F92E07 /* LandmarksTests */ = {
			isa = PBXNativeTarget;
			buildConfigurationList = 9CBD14372AAA1BA300F92E07 /* Build configuration list for PBXNativeTarget "LandmarksTests" */;
			buildPhases = (
				9CBD141C2AAA1BA300F92E07 /* Sources */,
				9CBD141D2AAA1BA300F92E07 /* Frameworks */,
				9CBD141E2AAA1BA300F92E07 /* Resources */,
			);
			buildRules = (
			);
			dependencies = (
				9CBD14222AAA1BA300F92E07 /* PBXTargetDependency */,
			);
			name = LandmarksTests;
			productName = LandmarksTests;
			productReference = 9CBD14202AAA1BA300F92E07 /* LandmarksTests.xctest */;
			productType = "com.apple.product-type.bundle.unit-test";
		};
		9CBD14292AAA1BA300F92E07 /* LandmarksUITests */ = {
			isa = PBXNativeTarget;
			buildConfigurationList = 9CBD143A2AAA1BA300F92E07 /* Build configuration list for PBXNativeTarget "LandmarksUITests" */;
			buildPhases = (
				9CBD14262AAA1BA300F92E07 /* Sources */,
				9CBD14272AAA1BA300F92E07 /* Frameworks */,
				9CBD14282AAA1BA300F92E07 /* Resources */,
			);
			buildRules = (
			);
			dependencies = (
				9CBD142C2AAA1BA300F92E07 /* PBXTargetDependency */,
			);
			name = LandmarksUITests;
			productName = LandmarksUITests;
			productReference = 9CBD142A2AAA1BA300F92E07 /* LandmarksUITests.xctest */;
			productType = "com.apple.product-type.bundle.ui-testing";
		};
/* End PBXNativeTarget section */

/* Begin PBXProject section */
		9CBD14082AAA1BA200F92E07 /* Project object */ = {
			isa = PBXProject;
			attributes = {
				BuildIndependentTargetsInParallel = 1;
				LastSwiftUpdateCheck = 1430;
				LastUpgradeCheck = 1430;
				TargetAttributes = {
					9CBD140F2AAA1BA200F92E07 = {
						CreatedOnToolsVersion = 14.3.1;
					};
					9CBD141F2AAA1BA300F92E07 = {
						CreatedOnToolsVersion = 14.3.1;
						TestTargetID = 9CBD140F2AAA1BA200F92E07;
					};
					9CBD14292AAA1BA300F92E07 = {
						CreatedOnToolsVersion = 14.3.1;
						TestTargetID = 9CBD140F2AAA1BA200F92E07;
					};
				};
			};
			buildConfigurationList = 9CBD140B2AAA1BA200F92E07 /* Build configuration list for PBXProject "Landmarks" */;
			compatibilityVersion = "Xcode 14.0";
			developmentRegion = en;
			hasScannedForEncodings = 0;
			knownRegions = (
				en,
				Base,
			);
			mainGroup = 9CBD14072AAA1BA200F92E07;
			productRefGroup = 9CBD14112AAA1BA200F92E07 /* Products */;
			projectDirPath = "";
			projectRoot = "";
			targets = (
				9CBD140F2AAA1BA200F92E07 /* Landmarks */,
				9CBD141F2AAA1BA300F92E07 /* LandmarksTests */,
				9CBD14292AAA1BA300F92E07 /* LandmarksUITests */,
			);
		};
/* End PBXProject section */

/* Begin PBXResourcesBuildPhase section */
		9CBD140E2AAA1BA200F92E07 /* Resources */ = {
			isa = PBXResourcesBuildPhase;
			buildActionMask = 2147483647;
			files = (
				9CBD141B2AAA1BA300F92E07 /* Preview Assets.xcassets in Resources */,
				9CBD14182AAA1BA300F92E07 /* Assets.xcassets in Resources */,
				9C7063982AAA5E1D0000FF4E /* landmarkData.json in Resources */,
			);
			runOnlyForDeploymentPostprocessing = 0;
		};
		9CBD141E2AAA1BA300F92E07 /* Resources */ = {
			isa = PBXResourcesBuildPhase;
			buildActionMask = 2147483647;
			files = (
			);
			runOnlyForDeploymentPostprocessing = 0;
		};
		9CBD14282AAA1BA300F92E07 /* Resources */ = {
			isa = PBXResourcesBuildPhase;
			buildActionMask = 2147483647;
			files = (
			);
			runOnlyForDeploymentPostprocessing = 0;
		};
/* End PBXResourcesBuildPhase section */

/* Begin PBXSourcesBuildPhase section */
		9CBD140C2AAA1BA200F92E07 /* Sources */ = {
			isa = PBXSourcesBuildPhase;
			buildActionMask = 2147483647;
			files = (
				9CBD14162AAA1BA200F92E07 /* ContentView.swift in Sources */,
				9C4123682AAA3FB2008BCE17 /* MapView.swift in Sources */,
				9CBD14142AAA1BA200F92E07 /* LandmarksApp.swift in Sources */,
				9C70639A2AAA5E540000FF4E /* LandMark.swift in Sources */,
				9C7063A52AAA6B4B0000FF4E /* LandmarkList.swift in Sources */,
				9C4123662AAA3B5A008BCE17 /* CircleImage.swift in Sources */,
				9CBD14142AAA1BA200F92E07 /* LandmarksApp.swift in Sources */,
				9C7063A12AAA65350000FF4E /* LandmarkRow.swift in Sources */,
				9C7063A72AAA6CF20000FF4E /* LandmarkDetails.swift in Sources */,
				9C8C14BB2AAE08ED00B6952F /* FavoriteButton.swift in Sources */,
				9C70639C2AAA60C50000FF4E /* ModelData.swift in Sources */,
			);
			runOnlyForDeploymentPostprocessing = 0;
		};
		9CBD141C2AAA1BA300F92E07 /* Sources */ = {
			isa = PBXSourcesBuildPhase;
			buildActionMask = 2147483647;
			files = (
				9CBD14252AAA1BA300F92E07 /* LandmarksTests.swift in Sources */,
			);
			runOnlyForDeploymentPostprocessing = 0;
		};
		9CBD14262AAA1BA300F92E07 /* Sources */ = {
			isa = PBXSourcesBuildPhase;
			buildActionMask = 2147483647;
			files = (
				9CBD14312AAA1BA300F92E07 /* LandmarksUITestsLaunchTests.swift in Sources */,
				9CBD142F2AAA1BA300F92E07 /* LandmarksUITests.swift in Sources */,
			);
			runOnlyForDeploymentPostprocessing = 0;
		};
/* End PBXSourcesBuildPhase section */

/* Begin PBXTargetDependency section */
		9CBD14222AAA1BA300F92E07 /* PBXTargetDependency */ = {
			isa = PBXTargetDependency;
			target = 9CBD140F2AAA1BA200F92E07 /* Landmarks */;
			targetProxy = 9CBD14212AAA1BA300F92E07 /* PBXContainerItemProxy */;
		};
		9CBD142C2AAA1BA300F92E07 /* PBXTargetDependency */ = {
			isa = PBXTargetDependency;
			target = 9CBD140F2AAA1BA200F92E07 /* Landmarks */;
			targetProxy = 9CBD142B2AAA1BA300F92E07 /* PBXContainerItemProxy */;
		};
/* End PBXTargetDependency section */

/* Begin XCBuildConfiguration section */
		9CBD14322AAA1BA300F92E07 /* Debug */ = {
			isa = XCBuildConfiguration;
			buildSettings = {
				ALWAYS_SEARCH_USER_PATHS = NO;
				CLANG_ANALYZER_NONNULL = YES;
				CLANG_ANALYZER_NUMBER_OBJECT_CONVERSION = YES_AGGRESSIVE;
				CLANG_CXX_LANGUAGE_STANDARD = "gnu++20";
				CLANG_ENABLE_MODULES = YES;
				CLANG_ENABLE_OBJC_ARC = YES;
				CLANG_ENABLE_OBJC_WEAK = YES;
				CLANG_WARN_BLOCK_CAPTURE_AUTORELEASING = YES;
				CLANG_WARN_BOOL_CONVERSION = YES;
				CLANG_WARN_COMMA = YES;
				CLANG_WARN_CONSTANT_CONVERSION = YES;
				CLANG_WARN_DEPRECATED_OBJC_IMPLEMENTATIONS = YES;
				CLANG_WARN_DIRECT_OBJC_ISA_USAGE = YES_ERROR;
				CLANG_WARN_DOCUMENTATION_COMMENTS = YES;
				CLANG_WARN_EMPTY_BODY = YES;
				CLANG_WARN_ENUM_CONVERSION = YES;
				CLANG_WARN_INFINITE_RECURSION = YES;
				CLANG_WARN_INT_CONVERSION = YES;
				CLANG_WARN_NON_LITERAL_NULL_CONVERSION = YES;
				CLANG_WARN_OBJC_IMPLICIT_RETAIN_SELF = YES;
				CLANG_WARN_OBJC_LITERAL_CONVERSION = YES;
				CLANG_WARN_OBJC_ROOT_CLASS = YES_ERROR;
				CLANG_WARN_QUOTED_INCLUDE_IN_FRAMEWORK_HEADER = YES;
				CLANG_WARN_RANGE_LOOP_ANALYSIS = YES;
				CLANG_WARN_STRICT_PROTOTYPES = YES;
				CLANG_WARN_SUSPICIOUS_MOVE = YES;
				CLANG_WARN_UNGUARDED_AVAILABILITY = YES_AGGRESSIVE;
				CLANG_WARN_UNREACHABLE_CODE = YES;
				CLANG_WARN__DUPLICATE_METHOD_MATCH = YES;
				COPY_PHASE_STRIP = NO;
				DEBUG_INFORMATION_FORMAT = dwarf;
				ENABLE_STRICT_OBJC_MSGSEND = YES;
				ENABLE_TESTABILITY = YES;
				GCC_C_LANGUAGE_STANDARD = gnu11;
				GCC_DYNAMIC_NO_PIC = NO;
				GCC_NO_COMMON_BLOCKS = YES;
				GCC_OPTIMIZATION_LEVEL = 0;
				GCC_PREPROCESSOR_DEFINITIONS = (
					"DEBUG=1",
					"$(inherited)",
				);
				GCC_WARN_64_TO_32_BIT_CONVERSION = YES;
				GCC_WARN_ABOUT_RETURN_TYPE = YES_ERROR;
				GCC_WARN_UNDECLARED_SELECTOR = YES;
				GCC_WARN_UNINITIALIZED_AUTOS = YES_AGGRESSIVE;
				GCC_WARN_UNUSED_FUNCTION = YES;
				GCC_WARN_UNUSED_VARIABLE = YES;
				IPHONEOS_DEPLOYMENT_TARGET = 16.4;
				MTL_ENABLE_DEBUG_INFO = INCLUDE_SOURCE;
				MTL_FAST_MATH = YES;
				ONLY_ACTIVE_ARCH = YES;
				SDKROOT = iphoneos;
				SWIFT_ACTIVE_COMPILATION_CONDITIONS = DEBUG;
				SWIFT_OPTIMIZATION_LEVEL = "-Onone";
			};
			name = Debug;
		};
		9CBD14332AAA1BA300F92E07 /* Release */ = {
			isa = XCBuildConfiguration;
			buildSettings = {
				ALWAYS_SEARCH_USER_PATHS = NO;
				CLANG_ANALYZER_NONNULL = YES;
				CLANG_ANALYZER_NUMBER_OBJECT_CONVERSION = YES_AGGRESSIVE;
				CLANG_CXX_LANGUAGE_STANDARD = "gnu++20";
				CLANG_ENABLE_MODULES = YES;
				CLANG_ENABLE_OBJC_ARC = YES;
				CLANG_ENABLE_OBJC_WEAK = YES;
				CLANG_WARN_BLOCK_CAPTURE_AUTORELEASING = YES;
				CLANG_WARN_BOOL_CONVERSION = YES;
				CLANG_WARN_COMMA = YES;
				CLANG_WARN_CONSTANT_CONVERSION = YES;
				CLANG_WARN_DEPRECATED_OBJC_IMPLEMENTATIONS = YES;
				CLANG_WARN_DIRECT_OBJC_ISA_USAGE = YES_ERROR;
				CLANG_WARN_DOCUMENTATION_COMMENTS = YES;
				CLANG_WARN_EMPTY_BODY = YES;
				CLANG_WARN_ENUM_CONVERSION = YES;
				CLANG_WARN_INFINITE_RECURSION = YES;
				CLANG_WARN_INT_CONVERSION = YES;
				CLANG_WARN_NON_LITERAL_NULL_CONVERSION = YES;
				CLANG_WARN_OBJC_IMPLICIT_RETAIN_SELF = YES;
				CLANG_WARN_OBJC_LITERAL_CONVERSION = YES;
				CLANG_WARN_OBJC_ROOT_CLASS = YES_ERROR;
				CLANG_WARN_QUOTED_INCLUDE_IN_FRAMEWORK_HEADER = YES;
				CLANG_WARN_RANGE_LOOP_ANALYSIS = YES;
				CLANG_WARN_STRICT_PROTOTYPES = YES;
				CLANG_WARN_SUSPICIOUS_MOVE = YES;
				CLANG_WARN_UNGUARDED_AVAILABILITY = YES_AGGRESSIVE;
				CLANG_WARN_UNREACHABLE_CODE = YES;
				CLANG_WARN__DUPLICATE_METHOD_MATCH = YES;
				COPY_PHASE_STRIP = NO;
				DEBUG_INFORMATION_FORMAT = "dwarf-with-dsym";
				ENABLE_NS_ASSERTIONS = NO;
				ENABLE_STRICT_OBJC_MSGSEND = YES;
				GCC_C_LANGUAGE_STANDARD = gnu11;
				GCC_NO_COMMON_BLOCKS = YES;
				GCC_WARN_64_TO_32_BIT_CONVERSION = YES;
				GCC_WARN_ABOUT_RETURN_TYPE = YES_ERROR;
				GCC_WARN_UNDECLARED_SELECTOR = YES;
				GCC_WARN_UNINITIALIZED_AUTOS = YES_AGGRESSIVE;
				GCC_WARN_UNUSED_FUNCTION = YES;
				GCC_WARN_UNUSED_VARIABLE = YES;
				IPHONEOS_DEPLOYMENT_TARGET = 16.4;
				MTL_ENABLE_DEBUG_INFO = NO;
				MTL_FAST_MATH = YES;
				SDKROOT = iphoneos;
				SWIFT_COMPILATION_MODE = wholemodule;
				SWIFT_OPTIMIZATION_LEVEL = "-O";
				VALIDATE_PRODUCT = YES;
			};
			name = Release;
		};
		9CBD14352AAA1BA300F92E07 /* Debug */ = {
			isa = XCBuildConfiguration;
			buildSettings = {
				ASSETCATALOG_COMPILER_APPICON_NAME = AppIcon;
				ASSETCATALOG_COMPILER_GLOBAL_ACCENT_COLOR_NAME = AccentColor;
				CODE_SIGN_STYLE = Automatic;
				CURRENT_PROJECT_VERSION = 1;
				DEVELOPMENT_ASSET_PATHS = "\"Landmarks/Preview Content\"";
				DEVELOPMENT_TEAM = A54HFK3PMM;
				ENABLE_PREVIEWS = YES;
				GENERATE_INFOPLIST_FILE = YES;
				INFOPLIST_KEY_UIApplicationSceneManifest_Generation = YES;
				INFOPLIST_KEY_UIApplicationSupportsIndirectInputEvents = YES;
				INFOPLIST_KEY_UILaunchScreen_Generation = YES;
				INFOPLIST_KEY_UISupportedInterfaceOrientations_iPad = "UIInterfaceOrientationPortrait UIInterfaceOrientationPortraitUpsideDown UIInterfaceOrientationLandscapeLeft UIInterfaceOrientationLandscapeRight";
				INFOPLIST_KEY_UISupportedInterfaceOrientations_iPhone = "UIInterfaceOrientationPortrait UIInterfaceOrientationLandscapeLeft UIInterfaceOrientationLandscapeRight";
				LD_RUNPATH_SEARCH_PATHS = (
					"$(inherited)",
					"@executable_path/Frameworks",
				);
				MARKETING_VERSION = 1.0;
				PRODUCT_BUNDLE_IDENTIFIER = com.nataans.Landmarks;
				PRODUCT_NAME = "$(TARGET_NAME)";
				SWIFT_EMIT_LOC_STRINGS = YES;
				SWIFT_VERSION = 5.0;
				TARGETED_DEVICE_FAMILY = "1,2";
			};
			name = Debug;
		};
		9CBD14362AAA1BA300F92E07 /* Release */ = {
			isa = XCBuildConfiguration;
			buildSettings = {
				ASSETCATALOG_COMPILER_APPICON_NAME = AppIcon;
				ASSETCATALOG_COMPILER_GLOBAL_ACCENT_COLOR_NAME = AccentColor;
				CODE_SIGN_STYLE = Automatic;
				CURRENT_PROJECT_VERSION = 1;
				DEVELOPMENT_ASSET_PATHS = "\"Landmarks/Preview Content\"";
				DEVELOPMENT_TEAM = A54HFK3PMM;
				ENABLE_PREVIEWS = YES;
				GENERATE_INFOPLIST_FILE = YES;
				INFOPLIST_KEY_UIApplicationSceneManifest_Generation = YES;
				INFOPLIST_KEY_UIApplicationSupportsIndirectInputEvents = YES;
				INFOPLIST_KEY_UILaunchScreen_Generation = YES;
				INFOPLIST_KEY_UISupportedInterfaceOrientations_iPad = "UIInterfaceOrientationPortrait UIInterfaceOrientationPortraitUpsideDown UIInterfaceOrientationLandscapeLeft UIInterfaceOrientationLandscapeRight";
				INFOPLIST_KEY_UISupportedInterfaceOrientations_iPhone = "UIInterfaceOrientationPortrait UIInterfaceOrientationLandscapeLeft UIInterfaceOrientationLandscapeRight";
				LD_RUNPATH_SEARCH_PATHS = (
					"$(inherited)",
					"@executable_path/Frameworks",
				);
				MARKETING_VERSION = 1.0;
				PRODUCT_BUNDLE_IDENTIFIER = com.nataans.Landmarks;
				PRODUCT_NAME = "$(TARGET_NAME)";
				SWIFT_EMIT_LOC_STRINGS = YES;
				SWIFT_VERSION = 5.0;
				TARGETED_DEVICE_FAMILY = "1,2";
			};
			name = Release;
		};
		9CBD14382AAA1BA300F92E07 /* Debug */ = {
			isa = XCBuildConfiguration;
			buildSettings = {
				ALWAYS_EMBED_SWIFT_STANDARD_LIBRARIES = YES;
				BUNDLE_LOADER = "$(TEST_HOST)";
				CODE_SIGN_STYLE = Automatic;
				CURRENT_PROJECT_VERSION = 1;
				GENERATE_INFOPLIST_FILE = YES;
				IPHONEOS_DEPLOYMENT_TARGET = 16.4;
				MARKETING_VERSION = 1.0;
				PRODUCT_BUNDLE_IDENTIFIER = com.nataans.LandmarksTests;
				PRODUCT_NAME = "$(TARGET_NAME)";
				SWIFT_EMIT_LOC_STRINGS = NO;
				SWIFT_VERSION = 5.0;
				TARGETED_DEVICE_FAMILY = "1,2";
				TEST_HOST = "$(BUILT_PRODUCTS_DIR)/Landmarks.app/$(BUNDLE_EXECUTABLE_FOLDER_PATH)/Landmarks";
			};
			name = Debug;
		};
		9CBD14392AAA1BA300F92E07 /* Release */ = {
			isa = XCBuildConfiguration;
			buildSettings = {
				ALWAYS_EMBED_SWIFT_STANDARD_LIBRARIES = YES;
				BUNDLE_LOADER = "$(TEST_HOST)";
				CODE_SIGN_STYLE = Automatic;
				CURRENT_PROJECT_VERSION = 1;
				GENERATE_INFOPLIST_FILE = YES;
				IPHONEOS_DEPLOYMENT_TARGET = 16.4;
				MARKETING_VERSION = 1.0;
				PRODUCT_BUNDLE_IDENTIFIER = com.nataans.LandmarksTests;
				PRODUCT_NAME = "$(TARGET_NAME)";
				SWIFT_EMIT_LOC_STRINGS = NO;
				SWIFT_VERSION = 5.0;
				TARGETED_DEVICE_FAMILY = "1,2";
				TEST_HOST = "$(BUILT_PRODUCTS_DIR)/Landmarks.app/$(BUNDLE_EXECUTABLE_FOLDER_PATH)/Landmarks";
			};
			name = Release;
		};
		9CBD143B2AAA1BA300F92E07 /* Debug */ = {
			isa = XCBuildConfiguration;
			buildSettings = {
				ALWAYS_EMBED_SWIFT_STANDARD_LIBRARIES = YES;
				CODE_SIGN_STYLE = Automatic;
				CURRENT_PROJECT_VERSION = 1;
				GENERATE_INFOPLIST_FILE = YES;
				MARKETING_VERSION = 1.0;
				PRODUCT_BUNDLE_IDENTIFIER = com.nataans.LandmarksUITests;
				PRODUCT_NAME = "$(TARGET_NAME)";
				SWIFT_EMIT_LOC_STRINGS = NO;
				SWIFT_VERSION = 5.0;
				TARGETED_DEVICE_FAMILY = "1,2";
				TEST_TARGET_NAME = Landmarks;
			};
			name = Debug;
		};
		9CBD143C2AAA1BA300F92E07 /* Release */ = {
			isa = XCBuildConfiguration;
			buildSettings = {
				ALWAYS_EMBED_SWIFT_STANDARD_LIBRARIES = YES;
				CODE_SIGN_STYLE = Automatic;
				CURRENT_PROJECT_VERSION = 1;
				GENERATE_INFOPLIST_FILE = YES;
				MARKETING_VERSION = 1.0;
				PRODUCT_BUNDLE_IDENTIFIER = com.nataans.LandmarksUITests;
				PRODUCT_NAME = "$(TARGET_NAME)";
				SWIFT_EMIT_LOC_STRINGS = NO;
				SWIFT_VERSION = 5.0;
				TARGETED_DEVICE_FAMILY = "1,2";
				TEST_TARGET_NAME = Landmarks;
			};
			name = Release;
		};
/* End XCBuildConfiguration section */

/* Begin XCConfigurationList section */
		9CBD140B2AAA1BA200F92E07 /* Build configuration list for PBXProject "Landmarks" */ = {
			isa = XCConfigurationList;
			buildConfigurations = (
				9CBD14322AAA1BA300F92E07 /* Debug */,
				9CBD14332AAA1BA300F92E07 /* Release */,
			);
			defaultConfigurationIsVisible = 0;
			defaultConfigurationName = Release;
		};
		9CBD14342AAA1BA300F92E07 /* Build configuration list for PBXNativeTarget "Landmarks" */ = {
			isa = XCConfigurationList;
			buildConfigurations = (
				9CBD14352AAA1BA300F92E07 /* Debug */,
				9CBD14362AAA1BA300F92E07 /* Release */,
			);
			defaultConfigurationIsVisible = 0;
			defaultConfigurationName = Release;
		};
		9CBD14372AAA1BA300F92E07 /* Build configuration list for PBXNativeTarget "LandmarksTests" */ = {
			isa = XCConfigurationList;
			buildConfigurations = (
				9CBD14382AAA1BA300F92E07 /* Debug */,
				9CBD14392AAA1BA300F92E07 /* Release */,
			);
			defaultConfigurationIsVisible = 0;
			defaultConfigurationName = Release;
		};
		9CBD143A2AAA1BA300F92E07 /* Build configuration list for PBXNativeTarget "LandmarksUITests" */ = {
			isa = XCConfigurationList;
			buildConfigurations = (
				9CBD143B2AAA1BA300F92E07 /* Debug */,
				9CBD143C2AAA1BA300F92E07 /* Release */,
			);
			defaultConfigurationIsVisible = 0;
			defaultConfigurationName = Release;
		};
/* End XCConfigurationList section */
	};
	rootObject = 9CBD14082AAA1BA200F92E07 /* Project object */;
}
